<?xml version="1.0" encoding="utf-8"?>
<Project ToolsVersion="4.0" xmlns="http://schemas.microsoft.com/developer/msbuild/2003">
  <ItemGroup>
    <Filter Include="Source Files">
      <UniqueIdentifier>{4FC737F1-C7A5-4376-A066-2A32D752A2FF}</UniqueIdentifier>
      <Extensions>cpp;c;cc;cxx;c++;cppm;ixx;def;odl;idl;hpj;bat;asm;asmx</Extensions>
    </Filter>
    <Filter Include="Header Files">
      <UniqueIdentifier>{93995380-89BD-4b04-88EB-625FBE52EBFB}</UniqueIdentifier>
      <Extensions>h;hh;hpp;hxx;h++;hm;inl;inc;ipp;xsd</Extensions>
    </Filter>
    <Filter Include="Resource Files">
      <UniqueIdentifier>{67DA6AB6-F800-4c08-8B7A-83BB121AAD01}</UniqueIdentifier>
      <Extensions>rc;ico;cur;bmp;dlg;rc2;rct;bin;rgs;gif;jpg;jpeg;jpe;resx;tiff;tif;png;wav;mfcribbon-ms</Extensions>
    </Filter>
  </ItemGroup>
  <ItemGroup>
    <ClCompile Include="src\Button.cpp">
      <Filter>Source Files</Filter>
    </ClCompile>
    <ClCompile Include="src\Game.cpp">
      <Filter>Source Files</Filter>
    </ClCompile>
    <ClCompile Include="src\GameOverState.cpp">
      <Filter>Source Files</Filter>
    </ClCompile>
    <ClCompile Include="src\Main.cpp">
      <Filter>Source Files</Filter>
    </ClCompile>
    <ClCompile Include="src\PlayButton.cpp">
      <Filter>Source Files</Filter>
    </ClCompile>
    <ClCompile Include="src\PlayState.cpp">
      <Filter>Source Files</Filter>
    </ClCompile>
    <ClCompile Include="src\Texture.cpp">
      <Filter>Source Files</Filter>
    </ClCompile>
    <ClCompile Include="src\Timer.cpp">
      <Filter>Source Files</Filter>
    </ClCompile>
    <ClCompile Include="src\TitleState.cpp">
      <Filter>Source Files</Filter>
    </ClCompile>
  </ItemGroup>
  <ItemGroup>
    <ClInclude Include="src\Button.h">
      <Filter>Header Files</Filter>
    </ClInclude>
    <ClInclude Include="src\Constants.h">
      <Filter>Header Files</Filter>
    </ClInclude>
    <ClInclude Include="src\Game.h">
      <Filter>Header Files</Filter>
    </ClInclude>
    <ClInclude Include="src\GameOverState.h">
      <Filter>Header Files</Filter>
    </ClInclude>
    <ClInclude Include="src\GameState.h">
      <Filter>Header Files</Filter>
    </ClInclude>
    <ClInclude Include="src\PlayButton.h">
      <Filter>Header Files</Filter>
    </ClInclude>
    <ClInclude Include="src\PlayState.h">
      <Filter>Header Files</Filter>
    </ClInclude>
    <ClInclude Include="src\Texture.h">
      <Filter>Header Files</Filter>
    </ClInclude>
    <ClInclude Include="src\Timer.h">
      <Filter>Header Files</Filter>
    </ClInclude>
    <ClInclude Include="src\TitleState.h">
      <Filter>Header Files</Filter>
    </ClInclude>
    <ClInclude Include="src\Tetrominos.h">
      <Filter>Header Files</Filter>
    </ClInclude>
  </ItemGroup>
  <ItemGroup>
    <Media Include="audio\background_music.wav">
      <Filter>Resource Files</Filter>
    </Media>
    <Media Include="audio\drop.wav">
      <Filter>Resource Files</Filter>
    </Media>
    <Media Include="audio\game_over.wav">
      <Filter>Resource Files</Filter>
    </Media>
    <Media Include="audio\line_clear.wav">
      <Filter>Resource Files</Filter>
    </Media>
    <Media Include="audio\max_line_clear.wav">
      <Filter>Resource Files</Filter>
    </Media>
    <Media Include="audio\shift_piece.wav">
      <Filter>Resource Files</Filter>
    </Media>
  </ItemGroup>
  <ItemGroup>
    <Font Include="fonts\font.ttf" />
  </ItemGroup>
  <ItemGroup>
    <Image Include="images\game_over_screen.png">
      <Filter>Resource Files</Filter>
    </Image>
    <Image Include="images\play_button.png">
      <Filter>Resource Files</Filter>
    </Image>
    <Image Include="images\play_button_mouseover.png">
      <Filter>Resource Files</Filter>
    </Image>
    <Image Include="images\retry_button.png">
      <Filter>Resource Files</Filter>
    </Image>
    <Image Include="images\retry_button_mouseover.png">
      <Filter>Resource Files</Filter>
    </Image>
    <Image Include="images\title_screen.png">
      <Filter>Resource Files</Filter>
    </Image>
    <Image Include="screenshot_gameover.png">
      <Filter>Resource Files</Filter>
    </Image>
    <Image Include="screenshot_playing.png">
      <Filter>Resource Files</Filter>
    </Image>
    <Image Include="screenshot_title.png">
      <Filter>Resource Files</Filter>
    </Image>
  </ItemGroup>
  <ItemGroup>
    <None Include="README.md" />
  </ItemGroup>
</Project>